
Microsoft Visual Studio Solution File, Format Version 12.00
# Visual Studio Version 17
VisualStudioVersion = 17.6.33829.357
MinimumVisualStudioVersion = 10.0.40219.1
Project("{FAE04EC0-301F-11D3-BF4B-00C04F79EFBC}") = "TaskPlusPlus.Domain", "TaskPlusPlus.Domain\TaskPlusPlus.Domain.csproj", "{18239F7D-F8E5-4F43-90F3-20D3AC8F7243}"
EndProject
Project("{2150E333-8FDC-42A3-9474-1A3956D46DE8}") = "src", "src", "{52021A58-AF99-45FB-91B3-AB759DC1C51A}"
EndProject
Project("{FAE04EC0-301F-11D3-BF4B-00C04F79EFBC}") = "TaskPlusPlus.Application", "TaskPlusPlus.Application\TaskPlusPlus.Application.csproj", "{4D370987-16DA-48D9-AD3D-79AC958CE45B}"
EndProject
Project("{FAE04EC0-301F-11D3-BF4B-00C04F79EFBC}") = "TaskPlusPlus.Infrastructure", "TaskPlusPlus.Infrastructure\TaskPlusPlus.Infrastructure.csproj", "{B757DD1F-C7DD-460B-8D09-E9A7FB5CA172}"
EndProject
Project("{FAE04EC0-301F-11D3-BF4B-00C04F79EFBC}") = "TaskPlusPlus.Presentation", "TaskPlusPlus.Presentation\TaskPlusPlus.Presentation.csproj", "{53E27146-E446-40D4-AFAF-F7C5097084AB}"
EndProject
Project("{FAE04EC0-301F-11D3-BF4B-00C04F79EFBC}") = "TaskPlusPlus.WebApi", "TaskPlusPlus.WebApi\TaskPlusPlus.WebApi.csproj", "{D6438F89-8E04-4C7C-BB75-FAFC4B534955}"
EndProject
Global
	GlobalSection(SolutionConfigurationPlatforms) = preSolution
		Debug|Any CPU = Debug|Any CPU
		Release|Any CPU = Release|Any CPU
	EndGlobalSection
	GlobalSection(ProjectConfigurationPlatforms) = postSolution
		{18239F7D-F8E5-4F43-90F3-20D3AC8F7243}.Debug|Any CPU.ActiveCfg = Debug|Any CPU
		{18239F7D-F8E5-4F43-90F3-20D3AC8F7243}.Debug|Any CPU.Build.0 = Debug|Any CPU
		{18239F7D-F8E5-4F43-90F3-20D3AC8F7243}.Release|Any CPU.ActiveCfg = Release|Any CPU
		{18239F7D-F8E5-4F43-90F3-20D3AC8F7243}.Release|Any CPU.Build.0 = Release|Any CPU
		{4D370987-16DA-48D9-AD3D-79AC958CE45B}.Debug|Any CPU.ActiveCfg = Debug|Any CPU
		{4D370987-16DA-48D9-AD3D-79AC958CE45B}.Debug|Any CPU.Build.0 = Debug|Any CPU
		{4D370987-16DA-48D9-AD3D-79AC958CE45B}.Release|Any CPU.ActiveCfg = Release|Any CPU
		{4D370987-16DA-48D9-AD3D-79AC958CE45B}.Release|Any CPU.Build.0 = Release|Any CPU
		{B757DD1F-C7DD-460B-8D09-E9A7FB5CA172}.Debug|Any CPU.ActiveCfg = Debug|Any CPU
		{B757DD1F-C7DD-460B-8D09-E9A7FB5CA172}.Debug|Any CPU.Build.0 = Debug|Any CPU
		{B757DD1F-C7DD-460B-8D09-E9A7FB5CA172}.Release|Any CPU.ActiveCfg = Release|Any CPU
		{B757DD1F-C7DD-460B-8D09-E9A7FB5CA172}.Release|Any CPU.Build.0 = Release|Any CPU
		{53E27146-E446-40D4-AFAF-F7C5097084AB}.Debug|Any CPU.ActiveCfg = Debug|Any CPU
		{53E27146-E446-40D4-AFAF-F7C5097084AB}.Debug|Any CPU.Build.0 = Debug|Any CPU
		{53E27146-E446-40D4-AFAF-F7C5097084AB}.Release|Any CPU.ActiveCfg = Release|Any CPU
		{53E27146-E446-40D4-AFAF-F7C5097084AB}.Release|Any CPU.Build.0 = Release|Any CPU
		{D6438F89-8E04-4C7C-BB75-FAFC4B534955}.Debug|Any CPU.ActiveCfg = Debug|Any CPU
		{D6438F89-8E04-4C7C-BB75-FAFC4B534955}.Debug|Any CPU.Build.0 = Debug|Any CPU
		{D6438F89-8E04-4C7C-BB75-FAFC4B534955}.Release|Any CPU.ActiveCfg = Release|Any CPU
		{D6438F89-8E04-4C7C-BB75-FAFC4B534955}.Release|Any CPU.Build.0 = Release|Any CPU
	EndGlobalSection
	GlobalSection(SolutionProperties) = preSolution
		HideSolutionNode = FALSE
	EndGlobalSection
	GlobalSection(NestedProjects) = preSolution
		{18239F7D-F8E5-4F43-90F3-20D3AC8F7243} = {52021A58-AF99-45FB-91B3-AB759DC1C51A}
		{4D370987-16DA-48D9-AD3D-79AC958CE45B} = {52021A58-AF99-45FB-91B3-AB759DC1C51A}
		{B757DD1F-C7DD-460B-8D09-E9A7FB5CA172} = {52021A58-AF99-45FB-91B3-AB759DC1C51A}
		{53E27146-E446-40D4-AFAF-F7C5097084AB} = {52021A58-AF99-45FB-91B3-AB759DC1C51A}
		{D6438F89-8E04-4C7C-BB75-FAFC4B534955} = {52021A58-AF99-45FB-91B3-AB759DC1C51A}
	EndGlobalSection
	GlobalSection(ExtensibilityGlobals) = postSolution
		SolutionGuid = {B1A8C588-B24E-4F85-AB45-EF1C42F63D54}
	EndGlobalSection
EndGlobal
