
Microsoft Visual Studio Solution File, Format Version 12.00
# Visual Studio Version 17
VisualStudioVersion = 17.6.33829.357
MinimumVisualStudioVersion = 10.0.40219.1
Project("{9A19103F-16F7-4668-BE54-9A1E7A4F7556}") = "TaskPlusPlus.Domain", "TaskPlusPlus.Domain\TaskPlusPlus.Domain.csproj", "{18239F7D-F8E5-4F43-90F3-20D3AC8F7243}"
EndProject
Project("{2150E333-8FDC-42A3-9474-1A3956D46DE8}") = "src", "src", "{52021A58-AF99-45FB-91B3-AB759DC1C51A}"
EndProject
Project("{9A19103F-16F7-4668-BE54-9A1E7A4F7556}") = "TaskPlusPlus.Application", "TaskPlusPlus.Application\TaskPlusPlus.Application.csproj", "{4D370987-16DA-48D9-AD3D-79AC958CE45B}"
EndProject
Project("{9A19103F-16F7-4668-BE54-9A1E7A4F7556}") = "TaskPlusPlus.Infrastructure", "TaskPlusPlus.Infrastructure\TaskPlusPlus.Infrastructure.csproj", "{B757DD1F-C7DD-460B-8D09-E9A7FB5CA172}"
EndProject
Project("{2150E333-8FDC-42A3-9474-1A3956D46DE8}") = "API", "API", "{16B890D8-4CBD-4BB4-986A-DF89F973CF57}"
EndProject
Project("{2150E333-8FDC-42A3-9474-1A3956D46DE8}") = "Core", "Core", "{2BDACA92-D6F7-4470-97F1-032F88B319B5}"
EndProject
Project("{2150E333-8FDC-42A3-9474-1A3956D46DE8}") = "Infrastracture", "Infrastracture", "{27D91EA9-37D3-44CC-867A-D8DE192559C8}"
EndProject
Project("{9A19103F-16F7-4668-BE54-9A1E7A4F7556}") = "TaskPlusPlus.Persistence", "TaskPlusPlus.Persistence\TaskPlusPlus.Persistence.csproj", "{0E7AB26C-8AD1-4B46-A9AA-737A547308DA}"
EndProject
Project("{9A19103F-16F7-4668-BE54-9A1E7A4F7556}") = "TaskPlusPlus.API", "TaskPlusPlus.API\TaskPlusPlus.API.csproj", "{312EDC37-C48B-4673-A7E5-9ADF74845F79}"
EndProject
Project("{9A19103F-16F7-4668-BE54-9A1E7A4F7556}") = "TaskPlusPlus.Identity", "TaskPlusPlus.Identity\TaskPlusPlus.Identity.csproj", "{FF8EC7AC-7BF0-42F4-91A0-BADC496D87B9}"
EndProject
Global
	GlobalSection(SolutionConfigurationPlatforms) = preSolution
		Debug|Any CPU = Debug|Any CPU
		Release|Any CPU = Release|Any CPU
	EndGlobalSection
	GlobalSection(ProjectConfigurationPlatforms) = postSolution
		{18239F7D-F8E5-4F43-90F3-20D3AC8F7243}.Debug|Any CPU.ActiveCfg = Debug|Any CPU
		{18239F7D-F8E5-4F43-90F3-20D3AC8F7243}.Debug|Any CPU.Build.0 = Debug|Any CPU
		{18239F7D-F8E5-4F43-90F3-20D3AC8F7243}.Release|Any CPU.ActiveCfg = Release|Any CPU
		{18239F7D-F8E5-4F43-90F3-20D3AC8F7243}.Release|Any CPU.Build.0 = Release|Any CPU
		{4D370987-16DA-48D9-AD3D-79AC958CE45B}.Debug|Any CPU.ActiveCfg = Debug|Any CPU
		{4D370987-16DA-48D9-AD3D-79AC958CE45B}.Debug|Any CPU.Build.0 = Debug|Any CPU
		{4D370987-16DA-48D9-AD3D-79AC958CE45B}.Release|Any CPU.ActiveCfg = Release|Any CPU
		{4D370987-16DA-48D9-AD3D-79AC958CE45B}.Release|Any CPU.Build.0 = Release|Any CPU
		{B757DD1F-C7DD-460B-8D09-E9A7FB5CA172}.Debug|Any CPU.ActiveCfg = Debug|Any CPU
		{B757DD1F-C7DD-460B-8D09-E9A7FB5CA172}.Debug|Any CPU.Build.0 = Debug|Any CPU
		{B757DD1F-C7DD-460B-8D09-E9A7FB5CA172}.Release|Any CPU.ActiveCfg = Release|Any CPU
		{B757DD1F-C7DD-460B-8D09-E9A7FB5CA172}.Release|Any CPU.Build.0 = Release|Any CPU
		{0E7AB26C-8AD1-4B46-A9AA-737A547308DA}.Debug|Any CPU.ActiveCfg = Debug|Any CPU
		{0E7AB26C-8AD1-4B46-A9AA-737A547308DA}.Debug|Any CPU.Build.0 = Debug|Any CPU
		{0E7AB26C-8AD1-4B46-A9AA-737A547308DA}.Release|Any CPU.ActiveCfg = Release|Any CPU
		{0E7AB26C-8AD1-4B46-A9AA-737A547308DA}.Release|Any CPU.Build.0 = Release|Any CPU
		{312EDC37-C48B-4673-A7E5-9ADF74845F79}.Debug|Any CPU.ActiveCfg = Debug|Any CPU
		{312EDC37-C48B-4673-A7E5-9ADF74845F79}.Debug|Any CPU.Build.0 = Debug|Any CPU
		{312EDC37-C48B-4673-A7E5-9ADF74845F79}.Release|Any CPU.ActiveCfg = Release|Any CPU
		{312EDC37-C48B-4673-A7E5-9ADF74845F79}.Release|Any CPU.Build.0 = Release|Any CPU
		{FF8EC7AC-7BF0-42F4-91A0-BADC496D87B9}.Debug|Any CPU.ActiveCfg = Debug|Any CPU
		{FF8EC7AC-7BF0-42F4-91A0-BADC496D87B9}.Debug|Any CPU.Build.0 = Debug|Any CPU
		{FF8EC7AC-7BF0-42F4-91A0-BADC496D87B9}.Release|Any CPU.ActiveCfg = Release|Any CPU
		{FF8EC7AC-7BF0-42F4-91A0-BADC496D87B9}.Release|Any CPU.Build.0 = Release|Any CPU
	EndGlobalSection
	GlobalSection(SolutionProperties) = preSolution
		HideSolutionNode = FALSE
	EndGlobalSection
	GlobalSection(NestedProjects) = preSolution
		{18239F7D-F8E5-4F43-90F3-20D3AC8F7243} = {2BDACA92-D6F7-4470-97F1-032F88B319B5}
		{4D370987-16DA-48D9-AD3D-79AC958CE45B} = {2BDACA92-D6F7-4470-97F1-032F88B319B5}
		{B757DD1F-C7DD-460B-8D09-E9A7FB5CA172} = {27D91EA9-37D3-44CC-867A-D8DE192559C8}
		{16B890D8-4CBD-4BB4-986A-DF89F973CF57} = {52021A58-AF99-45FB-91B3-AB759DC1C51A}
		{2BDACA92-D6F7-4470-97F1-032F88B319B5} = {52021A58-AF99-45FB-91B3-AB759DC1C51A}
		{27D91EA9-37D3-44CC-867A-D8DE192559C8} = {52021A58-AF99-45FB-91B3-AB759DC1C51A}
		{0E7AB26C-8AD1-4B46-A9AA-737A547308DA} = {27D91EA9-37D3-44CC-867A-D8DE192559C8}
		{312EDC37-C48B-4673-A7E5-9ADF74845F79} = {16B890D8-4CBD-4BB4-986A-DF89F973CF57}
		{FF8EC7AC-7BF0-42F4-91A0-BADC496D87B9} = {27D91EA9-37D3-44CC-867A-D8DE192559C8}
	EndGlobalSection
	GlobalSection(ExtensibilityGlobals) = postSolution
		SolutionGuid = {B1A8C588-B24E-4F85-AB45-EF1C42F63D54}
	EndGlobalSection
EndGlobal
